
Microsoft Visual Studio Solution File, Format Version 12.00
# Visual Studio Version 16
VisualStudioVersion = 16.0.29609.76
MinimumVisualStudioVersion = 10.0.40219.1
Project("{FAE04EC0-301F-11D3-BF4B-00C04F79EFBC}") = "Snippets", "Snippets.csproj", "{60A225A9-6F19-4438-91E8-4D59BC800503}"
EndProject
Global
	GlobalSection(SolutionConfigurationPlatforms) = preSolution
		Debug|Any CPU = Debug|Any CPU
		Release|Any CPU = Release|Any CPU
	EndGlobalSection
	GlobalSection(ProjectConfigurationPlatforms) = postSolution
		{60A225A9-6F19-4438-91E8-4D59BC800503}.Debug|Any CPU.ActiveCfg = Debug|Any CPU
		{60A225A9-6F19-4438-91E8-4D59BC800503}.Debug|Any CPU.Build.0 = Debug|Any CPU
		{60A225A9-6F19-4438-91E8-4D59BC800503}.Release|Any CPU.ActiveCfg = Release|Any CPU
		{60A225A9-6F19-4438-91E8-4D59BC800503}.Release|Any CPU.Build.0 = Release|Any CPU
	EndGlobalSection
	GlobalSection(SolutionProperties) = preSolution
		HideSolutionNode = FALSE
	EndGlobalSection
	GlobalSection(ExtensibilityGlobals) = postSolution
		SolutionGuid = {B3670386-7E6C-40D5-AB5F-686393401DC7}
	EndGlobalSection
EndGlobal
